github.com/willroberts/openrvs-beacon v1.0.2 h1:wG0vlkpyK6WAVxqtIHKoEauM+E6l+8Mfd+uWc3c2iDk=
github.com/willroberts/openrvs-beacon v1.0.2/go.mod h1:a4bo/oW8AVwv76P+AbUpOzrc320u84ObrTsJWDvcnuI=
github.com/willroberts/openrvs-registry v1.0.2 h1:D335L8LZbuFHHPplVCStth85uz51pciAjPufBHRUS7o=
github.com/willroberts/openrvs-registry v1.0.2/go.mod h1:eOF2pTmb1Db/Fp+R2VUTOPNkv+q972q69YfDRQb0Mi0=