github.com/willroberts/openrvs-beacon v1.0.1 h1:T0xnkOb50e700CWWKsiTIajOLLXIsl2jhF3L+F1Pofg=
github.com/willroberts/openrvs-beacon v1.0.1/go.mod h1:eKuzivb6pGifqXL5/+U4KFXyJGtgG3wL4tj9H45PHDo=
github.com/willroberts/openrvs-registry v1.0.1 h1:876+Cuo9IdnX4cKZr557pDG/JDyM2qL0TPIx+Ikj25E=
github.com/willroberts/openrvs-registry v1.0.1/go.mod h1:HSzNmRAzU8aZgzgFYZHAedMBnucyhDH/rrSLaS/zMTg=
